
Microsoft Visual Studio Solution File, Format Version 12.00
# Visual Studio 2012
Project("{2150E333-8FDC-42A3-9474-1A3956D46DE8}") = "Key", "Key", "{7B44EA58-B629-48EE-BB45-83CE6272A434}"
	ProjectSection(SolutionItems) = preProject
		EmailPingPong.snk = EmailPingPong.snk
	EndProjectSection
EndProject
Project("{FAE04EC0-301F-11D3-BF4B-00C04F79EFBC}") = "EmailPingPong.Core", "EmailPingPong.Core\EmailPingPong.Core.csproj", "{C9201F49-4FD0-4C77-BD03-A6B999A7443C}"
EndProject
Project("{FAE04EC0-301F-11D3-BF4B-00C04F79EFBC}") = "EmailPingPong.Infrastructure", "EmailPingPong.Infrastructure\EmailPingPong.Infrastructure.csproj", "{D8E2CEBD-C84E-46FF-9510-382B18F52AFC}"
EndProject
Project("{FAE04EC0-301F-11D3-BF4B-00C04F79EFBC}") = "EmailPingPong.Outlook", "EmailPingPong.Outlook\EmailPingPong.Outlook.csproj", "{BA556704-FAEB-444B-8307-F888BA5B45C8}"
EndProject
Project("{FAE04EC0-301F-11D3-BF4B-00C04F79EFBC}") = "EmailPingPong.UI.Desktop", "EmailPingPong.UI.Desktop\EmailPingPong.UI.Desktop.csproj", "{4FBA0676-7A05-4716-B111-1701427921E3}"
EndProject
Project("{FAE04EC0-301F-11D3-BF4B-00C04F79EFBC}") = "EmailPingPong.Tests", "EmailPingPong.Tests\EmailPingPong.Tests.csproj", "{1012C923-A49F-4977-AF82-539E46C23F78}"
EndProject
Project("{FAE04EC0-301F-11D3-BF4B-00C04F79EFBC}") = "EmailPingPong.Outlook2010", "EmailPingPong.Outlook2010\EmailPingPong.Outlook2010.csproj", "{A027280D-09DF-4CC1-87EF-A191EC70B804}"
	ProjectSection(ProjectDependencies) = postProject
		{4FBA0676-7A05-4716-B111-1701427921E3} = {4FBA0676-7A05-4716-B111-1701427921E3}
	EndProjectSection
EndProject
Project("{FAE04EC0-301F-11D3-BF4B-00C04F79EFBC}") = "EmailPingPong.Outlook2013", "EmailPingPong.Outlook2013\EmailPingPong.Outlook2013.csproj", "{90BA61E9-F2DC-4C33-B62C-F5326C7D48E5}"
EndProject
Project("{FAE04EC0-301F-11D3-BF4B-00C04F79EFBC}") = "EmailPingPong.Outlook.Common", "EmailPingPong.Outlook.Common\EmailPingPong.Outlook.Common.csproj", "{2E03CD34-6967-4D89-B90E-FB2D8D0FE291}"
EndProject
Project("{FAE04EC0-301F-11D3-BF4B-00C04F79EFBC}") = "EmailPingPong.TestApp", "EmailPingPong.TestApp\EmailPingPong.TestApp.csproj", "{B887B1F8-673A-4E4C-903F-64C35F5D91AB}"
EndProject
Project("{2150E333-8FDC-42A3-9474-1A3956D46DE8}") = "Solution Items", "Solution Items", "{B6320304-7D13-4B7A-A682-23FA5A0AA855}"
	ProjectSection(SolutionItems) = preProject
		..\_TODO.txt = ..\_TODO.txt
	EndProjectSection
EndProject
Project("{6141683F-8A12-4E36-9623-2EB02B2C2303}") = "EmailPingPong.Setup", "EmailPingPong.Setup\EmailPingPong.Setup.isproj", "{D03996E4-7285-4352-B673-154C268DEF05}"
	ProjectSection(ProjectDependencies) = postProject
		{A027280D-09DF-4CC1-87EF-A191EC70B804} = {A027280D-09DF-4CC1-87EF-A191EC70B804}
	EndProjectSection
EndProject
Global
	GlobalSection(SolutionConfigurationPlatforms) = preSolution
		CD_ROM|Any CPU = CD_ROM|Any CPU
		Debug|Any CPU = Debug|Any CPU
		DVD-5|Any CPU = DVD-5|Any CPU
		Release|Any CPU = Release|Any CPU
		SingleImage|Any CPU = SingleImage|Any CPU
	EndGlobalSection
	GlobalSection(ProjectConfigurationPlatforms) = postSolution
		{C9201F49-4FD0-4C77-BD03-A6B999A7443C}.CD_ROM|Any CPU.ActiveCfg = Release|Any CPU
		{C9201F49-4FD0-4C77-BD03-A6B999A7443C}.CD_ROM|Any CPU.Build.0 = Release|Any CPU
		{C9201F49-4FD0-4C77-BD03-A6B999A7443C}.Debug|Any CPU.ActiveCfg = Debug|Any CPU
		{C9201F49-4FD0-4C77-BD03-A6B999A7443C}.Debug|Any CPU.Build.0 = Debug|Any CPU
		{C9201F49-4FD0-4C77-BD03-A6B999A7443C}.DVD-5|Any CPU.ActiveCfg = Debug|Any CPU
		{C9201F49-4FD0-4C77-BD03-A6B999A7443C}.DVD-5|Any CPU.Build.0 = Debug|Any CPU
		{C9201F49-4FD0-4C77-BD03-A6B999A7443C}.Release|Any CPU.ActiveCfg = Release|Any CPU
		{C9201F49-4FD0-4C77-BD03-A6B999A7443C}.Release|Any CPU.Build.0 = Release|Any CPU
		{C9201F49-4FD0-4C77-BD03-A6B999A7443C}.SingleImage|Any CPU.ActiveCfg = Release|Any CPU
		{C9201F49-4FD0-4C77-BD03-A6B999A7443C}.SingleImage|Any CPU.Build.0 = Release|Any CPU
		{D8E2CEBD-C84E-46FF-9510-382B18F52AFC}.CD_ROM|Any CPU.ActiveCfg = Release|Any CPU
		{D8E2CEBD-C84E-46FF-9510-382B18F52AFC}.CD_ROM|Any CPU.Build.0 = Release|Any CPU
		{D8E2CEBD-C84E-46FF-9510-382B18F52AFC}.Debug|Any CPU.ActiveCfg = Debug|Any CPU
		{D8E2CEBD-C84E-46FF-9510-382B18F52AFC}.Debug|Any CPU.Build.0 = Debug|Any CPU
		{D8E2CEBD-C84E-46FF-9510-382B18F52AFC}.DVD-5|Any CPU.ActiveCfg = Debug|Any CPU
		{D8E2CEBD-C84E-46FF-9510-382B18F52AFC}.DVD-5|Any CPU.Build.0 = Debug|Any CPU
		{D8E2CEBD-C84E-46FF-9510-382B18F52AFC}.Release|Any CPU.ActiveCfg = Release|Any CPU
		{D8E2CEBD-C84E-46FF-9510-382B18F52AFC}.Release|Any CPU.Build.0 = Release|Any CPU
		{D8E2CEBD-C84E-46FF-9510-382B18F52AFC}.SingleImage|Any CPU.ActiveCfg = Release|Any CPU
		{D8E2CEBD-C84E-46FF-9510-382B18F52AFC}.SingleImage|Any CPU.Build.0 = Release|Any CPU
		{BA556704-FAEB-444B-8307-F888BA5B45C8}.CD_ROM|Any CPU.ActiveCfg = Release|Any CPU
		{BA556704-FAEB-444B-8307-F888BA5B45C8}.Debug|Any CPU.ActiveCfg = Debug|Any CPU
		{BA556704-FAEB-444B-8307-F888BA5B45C8}.Debug|Any CPU.Build.0 = Debug|Any CPU
		{BA556704-FAEB-444B-8307-F888BA5B45C8}.DVD-5|Any CPU.ActiveCfg = Debug|Any CPU
		{BA556704-FAEB-444B-8307-F888BA5B45C8}.Release|Any CPU.ActiveCfg = Release|Any CPU
		{BA556704-FAEB-444B-8307-F888BA5B45C8}.Release|Any CPU.Build.0 = Release|Any CPU
		{BA556704-FAEB-444B-8307-F888BA5B45C8}.SingleImage|Any CPU.ActiveCfg = Release|Any CPU
		{4FBA0676-7A05-4716-B111-1701427921E3}.CD_ROM|Any CPU.ActiveCfg = Release|Any CPU
		{4FBA0676-7A05-4716-B111-1701427921E3}.CD_ROM|Any CPU.Build.0 = Release|Any CPU
		{4FBA0676-7A05-4716-B111-1701427921E3}.Debug|Any CPU.ActiveCfg = Debug|Any CPU
		{4FBA0676-7A05-4716-B111-1701427921E3}.Debug|Any CPU.Build.0 = Debug|Any CPU
		{4FBA0676-7A05-4716-B111-1701427921E3}.DVD-5|Any CPU.ActiveCfg = Debug|Any CPU
		{4FBA0676-7A05-4716-B111-1701427921E3}.DVD-5|Any CPU.Build.0 = Debug|Any CPU
		{4FBA0676-7A05-4716-B111-1701427921E3}.Release|Any CPU.ActiveCfg = Release|Any CPU
		{4FBA0676-7A05-4716-B111-1701427921E3}.Release|Any CPU.Build.0 = Release|Any CPU
		{4FBA0676-7A05-4716-B111-1701427921E3}.SingleImage|Any CPU.ActiveCfg = Release|Any CPU
		{4FBA0676-7A05-4716-B111-1701427921E3}.SingleImage|Any CPU.Build.0 = Release|Any CPU
		{1012C923-A49F-4977-AF82-539E46C23F78}.CD_ROM|Any CPU.ActiveCfg = Release|Any CPU
		{1012C923-A49F-4977-AF82-539E46C23F78}.CD_ROM|Any CPU.Build.0 = Release|Any CPU
		{1012C923-A49F-4977-AF82-539E46C23F78}.Debug|Any CPU.ActiveCfg = Debug|Any CPU
		{1012C923-A49F-4977-AF82-539E46C23F78}.Debug|Any CPU.Build.0 = Debug|Any CPU
		{1012C923-A49F-4977-AF82-539E46C23F78}.DVD-5|Any CPU.ActiveCfg = Debug|Any CPU
		{1012C923-A49F-4977-AF82-539E46C23F78}.DVD-5|Any CPU.Build.0 = Debug|Any CPU
		{1012C923-A49F-4977-AF82-539E46C23F78}.Release|Any CPU.ActiveCfg = Release|Any CPU
		{1012C923-A49F-4977-AF82-539E46C23F78}.Release|Any CPU.Build.0 = Release|Any CPU
		{1012C923-A49F-4977-AF82-539E46C23F78}.SingleImage|Any CPU.ActiveCfg = Release|Any CPU
		{1012C923-A49F-4977-AF82-539E46C23F78}.SingleImage|Any CPU.Build.0 = Release|Any CPU
		{A027280D-09DF-4CC1-87EF-A191EC70B804}.CD_ROM|Any CPU.ActiveCfg = Release|Any CPU
		{A027280D-09DF-4CC1-87EF-A191EC70B804}.CD_ROM|Any CPU.Build.0 = Release|Any CPU
		{A027280D-09DF-4CC1-87EF-A191EC70B804}.Debug|Any CPU.ActiveCfg = Debug|Any CPU
		{A027280D-09DF-4CC1-87EF-A191EC70B804}.Debug|Any CPU.Build.0 = Debug|Any CPU
		{A027280D-09DF-4CC1-87EF-A191EC70B804}.DVD-5|Any CPU.ActiveCfg = Debug|Any CPU
		{A027280D-09DF-4CC1-87EF-A191EC70B804}.DVD-5|Any CPU.Build.0 = Debug|Any CPU
		{A027280D-09DF-4CC1-87EF-A191EC70B804}.Release|Any CPU.ActiveCfg = Release|Any CPU
		{A027280D-09DF-4CC1-87EF-A191EC70B804}.Release|Any CPU.Build.0 = Release|Any CPU
		{A027280D-09DF-4CC1-87EF-A191EC70B804}.SingleImage|Any CPU.ActiveCfg = Release|Any CPU
		{A027280D-09DF-4CC1-87EF-A191EC70B804}.SingleImage|Any CPU.Build.0 = Release|Any CPU
		{90BA61E9-F2DC-4C33-B62C-F5326C7D48E5}.CD_ROM|Any CPU.ActiveCfg = Release|Any CPU
		{90BA61E9-F2DC-4C33-B62C-F5326C7D48E5}.Debug|Any CPU.ActiveCfg = Debug|Any CPU
		{90BA61E9-F2DC-4C33-B62C-F5326C7D48E5}.Debug|Any CPU.Build.0 = Debug|Any CPU
		{90BA61E9-F2DC-4C33-B62C-F5326C7D48E5}.DVD-5|Any CPU.ActiveCfg = Debug|Any CPU
		{90BA61E9-F2DC-4C33-B62C-F5326C7D48E5}.Release|Any CPU.ActiveCfg = Release|Any CPU
		{90BA61E9-F2DC-4C33-B62C-F5326C7D48E5}.Release|Any CPU.Build.0 = Release|Any CPU
		{90BA61E9-F2DC-4C33-B62C-F5326C7D48E5}.SingleImage|Any CPU.ActiveCfg = Release|Any CPU
		{2E03CD34-6967-4D89-B90E-FB2D8D0FE291}.CD_ROM|Any CPU.ActiveCfg = Release|Any CPU
		{2E03CD34-6967-4D89-B90E-FB2D8D0FE291}.CD_ROM|Any CPU.Build.0 = Release|Any CPU
		{2E03CD34-6967-4D89-B90E-FB2D8D0FE291}.Debug|Any CPU.ActiveCfg = Debug|Any CPU
		{2E03CD34-6967-4D89-B90E-FB2D8D0FE291}.Debug|Any CPU.Build.0 = Debug|Any CPU
		{2E03CD34-6967-4D89-B90E-FB2D8D0FE291}.DVD-5|Any CPU.ActiveCfg = Debug|Any CPU
		{2E03CD34-6967-4D89-B90E-FB2D8D0FE291}.DVD-5|Any CPU.Build.0 = Debug|Any CPU
		{2E03CD34-6967-4D89-B90E-FB2D8D0FE291}.Release|Any CPU.ActiveCfg = Release|Any CPU
		{2E03CD34-6967-4D89-B90E-FB2D8D0FE291}.Release|Any CPU.Build.0 = Release|Any CPU
		{2E03CD34-6967-4D89-B90E-FB2D8D0FE291}.SingleImage|Any CPU.ActiveCfg = Release|Any CPU
		{2E03CD34-6967-4D89-B90E-FB2D8D0FE291}.SingleImage|Any CPU.Build.0 = Release|Any CPU
		{B887B1F8-673A-4E4C-903F-64C35F5D91AB}.CD_ROM|Any CPU.ActiveCfg = Release|Any CPU
		{B887B1F8-673A-4E4C-903F-64C35F5D91AB}.CD_ROM|Any CPU.Build.0 = Release|Any CPU
		{B887B1F8-673A-4E4C-903F-64C35F5D91AB}.Debug|Any CPU.ActiveCfg = Debug|Any CPU
		{B887B1F8-673A-4E4C-903F-64C35F5D91AB}.Debug|Any CPU.Build.0 = Debug|Any CPU
		{B887B1F8-673A-4E4C-903F-64C35F5D91AB}.DVD-5|Any CPU.ActiveCfg = Debug|Any CPU
		{B887B1F8-673A-4E4C-903F-64C35F5D91AB}.DVD-5|Any CPU.Build.0 = Debug|Any CPU
		{B887B1F8-673A-4E4C-903F-64C35F5D91AB}.Release|Any CPU.ActiveCfg = Release|Any CPU
		{B887B1F8-673A-4E4C-903F-64C35F5D91AB}.Release|Any CPU.Build.0 = Release|Any CPU
		{B887B1F8-673A-4E4C-903F-64C35F5D91AB}.SingleImage|Any CPU.ActiveCfg = Release|Any CPU
		{B887B1F8-673A-4E4C-903F-64C35F5D91AB}.SingleImage|Any CPU.Build.0 = Release|Any CPU
		{D03996E4-7285-4352-B673-154C268DEF05}.CD_ROM|Any CPU.ActiveCfg = CD_ROM
		{D03996E4-7285-4352-B673-154C268DEF05}.CD_ROM|Any CPU.Build.0 = CD_ROM
		{D03996E4-7285-4352-B673-154C268DEF05}.Debug|Any CPU.ActiveCfg = DVD-5
		{D03996E4-7285-4352-B673-154C268DEF05}.Debug|Any CPU.Build.0 = DVD-5
		{D03996E4-7285-4352-B673-154C268DEF05}.DVD-5|Any CPU.ActiveCfg = DVD-5
		{D03996E4-7285-4352-B673-154C268DEF05}.DVD-5|Any CPU.Build.0 = DVD-5
		{D03996E4-7285-4352-B673-154C268DEF05}.Release|Any CPU.ActiveCfg = SingleImage
		{D03996E4-7285-4352-B673-154C268DEF05}.Release|Any CPU.Build.0 = SingleImage
		{D03996E4-7285-4352-B673-154C268DEF05}.SingleImage|Any CPU.ActiveCfg = SingleImage
		{D03996E4-7285-4352-B673-154C268DEF05}.SingleImage|Any CPU.Build.0 = SingleImage
	EndGlobalSection
	GlobalSection(SolutionProperties) = preSolution
		HideSolutionNode = FALSE
	EndGlobalSection
EndGlobal
