
Microsoft Visual Studio Solution File, Format Version 11.00
# Visual Studio 2010
Project("{54435603-DBB4-11D2-8724-00A0C9A8B90C}") = "EmailPingPong", "Setup\Setup.vdproj", "{FEE861C8-4047-4387-AABE-7C6840A0D626}"
EndProject
Project("{2150E333-8FDC-42A3-9474-1A3956D46DE8}") = "Key", "Key", "{7B44EA58-B629-48EE-BB45-83CE6272A434}"
	ProjectSection(SolutionItems) = preProject
		EmailPingPong.snk = EmailPingPong.snk
	EndProjectSection
EndProject
Project("{2150E333-8FDC-42A3-9474-1A3956D46DE8}") = "Setup", "Setup", "{CF0D9185-68EC-45B6-A830-CEA9B02D9604}"
EndProject
Project("{FAE04EC0-301F-11D3-BF4B-00C04F79EFBC}") = "EmailPingPong.Core", "EmailPingPong.Core\EmailPingPong.Core.csproj", "{C9201F49-4FD0-4C77-BD03-A6B999A7443C}"
EndProject
Project("{FAE04EC0-301F-11D3-BF4B-00C04F79EFBC}") = "EmailPingPong.Infrastructure", "EmailPingPong.Infrastructure\EmailPingPong.Infrastructure.csproj", "{D8E2CEBD-C84E-46FF-9510-382B18F52AFC}"
EndProject
Project("{FAE04EC0-301F-11D3-BF4B-00C04F79EFBC}") = "EmailPingPong.Outlook", "EmailPingPong.Outlook\EmailPingPong.Outlook.csproj", "{BA556704-FAEB-444B-8307-F888BA5B45C8}"
EndProject
Project("{FAE04EC0-301F-11D3-BF4B-00C04F79EFBC}") = "EmailPingPong.UI.Desktop", "EmailPingPong.UI.Desktop\EmailPingPong.UI.Desktop.csproj", "{4FBA0676-7A05-4716-B111-1701427921E3}"
EndProject
Project("{FAE04EC0-301F-11D3-BF4B-00C04F79EFBC}") = "EmailPingPong.UI.Word", "EmailPingPong.UI.Word\EmailPingPong.UI.Word.csproj", "{9756383D-73C8-42B1-85FA-B3B9F9086807}"
EndProject
Project("{54435603-DBB4-11D2-8724-00A0C9A8B90C}") = "EmailPingPong.Setup", "EmailPingPong.Setup\EmailPingPong.Setup.vdproj", "{401F2629-136C-4C48-BB88-E50932DF810B}"
EndProject
Global
	GlobalSection(SolutionConfigurationPlatforms) = preSolution
		Debug|Any CPU = Debug|Any CPU
		Release|Any CPU = Release|Any CPU
	EndGlobalSection
	GlobalSection(ProjectConfigurationPlatforms) = postSolution
		{FEE861C8-4047-4387-AABE-7C6840A0D626}.Debug|Any CPU.ActiveCfg = Debug
		{FEE861C8-4047-4387-AABE-7C6840A0D626}.Release|Any CPU.ActiveCfg = Release
		{C9201F49-4FD0-4C77-BD03-A6B999A7443C}.Debug|Any CPU.ActiveCfg = Debug|Any CPU
		{C9201F49-4FD0-4C77-BD03-A6B999A7443C}.Debug|Any CPU.Build.0 = Debug|Any CPU
		{C9201F49-4FD0-4C77-BD03-A6B999A7443C}.Release|Any CPU.ActiveCfg = Release|Any CPU
		{C9201F49-4FD0-4C77-BD03-A6B999A7443C}.Release|Any CPU.Build.0 = Release|Any CPU
		{D8E2CEBD-C84E-46FF-9510-382B18F52AFC}.Debug|Any CPU.ActiveCfg = Debug|Any CPU
		{D8E2CEBD-C84E-46FF-9510-382B18F52AFC}.Debug|Any CPU.Build.0 = Debug|Any CPU
		{D8E2CEBD-C84E-46FF-9510-382B18F52AFC}.Release|Any CPU.ActiveCfg = Release|Any CPU
		{D8E2CEBD-C84E-46FF-9510-382B18F52AFC}.Release|Any CPU.Build.0 = Release|Any CPU
		{BA556704-FAEB-444B-8307-F888BA5B45C8}.Debug|Any CPU.ActiveCfg = Debug|Any CPU
		{BA556704-FAEB-444B-8307-F888BA5B45C8}.Debug|Any CPU.Build.0 = Debug|Any CPU
		{BA556704-FAEB-444B-8307-F888BA5B45C8}.Release|Any CPU.ActiveCfg = Release|Any CPU
		{BA556704-FAEB-444B-8307-F888BA5B45C8}.Release|Any CPU.Build.0 = Release|Any CPU
		{4FBA0676-7A05-4716-B111-1701427921E3}.Debug|Any CPU.ActiveCfg = Debug|Any CPU
		{4FBA0676-7A05-4716-B111-1701427921E3}.Debug|Any CPU.Build.0 = Debug|Any CPU
		{4FBA0676-7A05-4716-B111-1701427921E3}.Release|Any CPU.ActiveCfg = Release|Any CPU
		{4FBA0676-7A05-4716-B111-1701427921E3}.Release|Any CPU.Build.0 = Release|Any CPU
		{9756383D-73C8-42B1-85FA-B3B9F9086807}.Debug|Any CPU.ActiveCfg = Debug|Any CPU
		{9756383D-73C8-42B1-85FA-B3B9F9086807}.Debug|Any CPU.Build.0 = Debug|Any CPU
		{9756383D-73C8-42B1-85FA-B3B9F9086807}.Release|Any CPU.ActiveCfg = Release|Any CPU
		{9756383D-73C8-42B1-85FA-B3B9F9086807}.Release|Any CPU.Build.0 = Release|Any CPU
		{401F2629-136C-4C48-BB88-E50932DF810B}.Debug|Any CPU.ActiveCfg = Debug
		{401F2629-136C-4C48-BB88-E50932DF810B}.Release|Any CPU.ActiveCfg = Release
	EndGlobalSection
	GlobalSection(SolutionProperties) = preSolution
		HideSolutionNode = FALSE
	EndGlobalSection
	GlobalSection(NestedProjects) = preSolution
		{FEE861C8-4047-4387-AABE-7C6840A0D626} = {CF0D9185-68EC-45B6-A830-CEA9B02D9604}
	EndGlobalSection
EndGlobal
